// !$*UTF8*$!
{
	archiveVersion = 1;
	classes = {
	};
	objectVersion = 51;
	objects = {

/* Begin PBXBuildFile section */
		2E52545A24CA8DF50034FC83 /* AppDelegate.swift in Sources */ = {isa = PBXBuildFile; fileRef = 2E52545924CA8DF50034FC83 /* AppDelegate.swift */; };
		2E52545C24CA8DF50034FC83 /* SceneDelegate.swift in Sources */ = {isa = PBXBuildFile; fileRef = 2E52545B24CA8DF50034FC83 /* SceneDelegate.swift */; };
		2E52546124CA8DF50034FC83 /* Main.storyboard in Resources */ = {isa = PBXBuildFile; fileRef = 2E52545F24CA8DF50034FC83 /* Main.storyboard */; };
		2E52546324CA8DF80034FC83 /* Assets.xcassets in Resources */ = {isa = PBXBuildFile; fileRef = 2E52546224CA8DF80034FC83 /* Assets.xcassets */; };
		2E52546624CA8DF80034FC83 /* LaunchScreen.storyboard in Resources */ = {isa = PBXBuildFile; fileRef = 2E52546424CA8DF80034FC83 /* LaunchScreen.storyboard */; };
		2E52546E24CA98BF0034FC83 /* MainVC.swift in Sources */ = {isa = PBXBuildFile; fileRef = 2E52546D24CA98BF0034FC83 /* MainVC.swift */; };
		2E64569224CEF3D6000868DF /* StorageManager.swift in Sources */ = {isa = PBXBuildFile; fileRef = 2E64569124CEF3D6000868DF /* StorageManager.swift */; };
		2ECD16E324CABA0000B1EE94 /* CustomTableViewCell.swift in Sources */ = {isa = PBXBuildFile; fileRef = 2ECD16E224CABA0000B1EE94 /* CustomTableViewCell.swift */; };
		2ECD16E524CABDB900B1EE94 /* PlaceModel.swift in Sources */ = {isa = PBXBuildFile; fileRef = 2ECD16E424CABDB800B1EE94 /* PlaceModel.swift */; };
		2ECD16E724CE85F500B1EE94 /* NewPlaceVC.swift in Sources */ = {isa = PBXBuildFile; fileRef = 2ECD16E624CE85F500B1EE94 /* NewPlaceVC.swift */; };
		41A16793A1FC05856F0AE0C8 /* Pods_MyPlaces.framework in Frameworks */ = {isa = PBXBuildFile; fileRef = 36F235143470633CBED620E1 /* Pods_MyPlaces.framework */; };
/* End PBXBuildFile section */

/* Begin PBXFileReference section */
		2E52545624CA8DF50034FC83 /* MyPlaces.app */ = {isa = PBXFileReference; explicitFileType = wrapper.application; includeInIndex = 0; path = MyPlaces.app; sourceTree = BUILT_PRODUCTS_DIR; };
		2E52545924CA8DF50034FC83 /* AppDelegate.swift */ = {isa = PBXFileReference; lastKnownFileType = sourcecode.swift; path = AppDelegate.swift; sourceTree = "<group>"; };
		2E52545B24CA8DF50034FC83 /* SceneDelegate.swift */ = {isa = PBXFileReference; lastKnownFileType = sourcecode.swift; path = SceneDelegate.swift; sourceTree = "<group>"; };
		2E52546024CA8DF50034FC83 /* Base */ = {isa = PBXFileReference; lastKnownFileType = file.storyboard; name = Base; path = Base.lproj/Main.storyboard; sourceTree = "<group>"; };
		2E52546224CA8DF80034FC83 /* Assets.xcassets */ = {isa = PBXFileReference; lastKnownFileType = folder.assetcatalog; path = Assets.xcassets; sourceTree = "<group>"; };
		2E52546524CA8DF80034FC83 /* Base */ = {isa = PBXFileReference; lastKnownFileType = file.storyboard; name = Base; path = Base.lproj/LaunchScreen.storyboard; sourceTree = "<group>"; };
		2E52546724CA8DF80034FC83 /* Info.plist */ = {isa = PBXFileReference; lastKnownFileType = text.plist.xml; path = Info.plist; sourceTree = "<group>"; };
		2E52546D24CA98BF0034FC83 /* MainVC.swift */ = {isa = PBXFileReference; lastKnownFileType = sourcecode.swift; path = MainVC.swift; sourceTree = "<group>"; };
		2E64569124CEF3D6000868DF /* StorageManager.swift */ = {isa = PBXFileReference; lastKnownFileType = sourcecode.swift; path = StorageManager.swift; sourceTree = "<group>"; };
		2ECD16E224CABA0000B1EE94 /* CustomTableViewCell.swift */ = {isa = PBXFileReference; lastKnownFileType = sourcecode.swift; path = CustomTableViewCell.swift; sourceTree = "<group>"; };
		2ECD16E424CABDB800B1EE94 /* PlaceModel.swift */ = {isa = PBXFileReference; lastKnownFileType = sourcecode.swift; path = PlaceModel.swift; sourceTree = "<group>"; };
		2ECD16E624CE85F500B1EE94 /* NewPlaceVC.swift */ = {isa = PBXFileReference; lastKnownFileType = sourcecode.swift; path = NewPlaceVC.swift; sourceTree = "<group>"; };
		36F235143470633CBED620E1 /* Pods_MyPlaces.framework */ = {isa = PBXFileReference; explicitFileType = wrapper.framework; includeInIndex = 0; path = Pods_MyPlaces.framework; sourceTree = BUILT_PRODUCTS_DIR; };
		41B719819792E3932DC85C49 /* Pods-MyPlaces.debug.xcconfig */ = {isa = PBXFileReference; includeInIndex = 1; lastKnownFileType = text.xcconfig; name = "Pods-MyPlaces.debug.xcconfig"; path = "Target Support Files/Pods-MyPlaces/Pods-MyPlaces.debug.xcconfig"; sourceTree = "<group>"; };
		6C696722638A4844B823C6FD /* Pods-MyPlaces.release.xcconfig */ = {isa = PBXFileReference; includeInIndex = 1; lastKnownFileType = text.xcconfig; name = "Pods-MyPlaces.release.xcconfig"; path = "Target Support Files/Pods-MyPlaces/Pods-MyPlaces.release.xcconfig"; sourceTree = "<group>"; };
/* End PBXFileReference section */

/* Begin PBXFrameworksBuildPhase section */
		2E52545324CA8DF50034FC83 /* Frameworks */ = {
			isa = PBXFrameworksBuildPhase;
			buildActionMask = 2147483647;
			files = (
				41A16793A1FC05856F0AE0C8 /* Pods_MyPlaces.framework in Frameworks */,
			);
			runOnlyForDeploymentPostprocessing = 0;
		};
/* End PBXFrameworksBuildPhase section */

/* Begin PBXGroup section */
		10415F94761CFAEDB1C5D010 /* Frameworks */ = {
			isa = PBXGroup;
			children = (
				36F235143470633CBED620E1 /* Pods_MyPlaces.framework */,
			);
			name = Frameworks;
			sourceTree = "<group>";
		};
		1DA6A91B9D5B2C7E18D627A3 /* Pods */ = {
			isa = PBXGroup;
			children = (
				41B719819792E3932DC85C49 /* Pods-MyPlaces.debug.xcconfig */,
				6C696722638A4844B823C6FD /* Pods-MyPlaces.release.xcconfig */,
			);
			path = Pods;
			sourceTree = "<group>";
		};
		2E52544D24CA8DF50034FC83 = {
			isa = PBXGroup;
			children = (
				2E52545824CA8DF50034FC83 /* MyPlaces */,
				2E52545724CA8DF50034FC83 /* Products */,
				1DA6A91B9D5B2C7E18D627A3 /* Pods */,
				10415F94761CFAEDB1C5D010 /* Frameworks */,
			);
			sourceTree = "<group>";
		};
		2E52545724CA8DF50034FC83 /* Products */ = {
			isa = PBXGroup;
			children = (
				2E52545624CA8DF50034FC83 /* MyPlaces.app */,
			);
			name = Products;
			sourceTree = "<group>";
		};
		2E52545824CA8DF50034FC83 /* MyPlaces */ = {
			isa = PBXGroup;
			children = (
				2E52545924CA8DF50034FC83 /* AppDelegate.swift */,
				2E52546D24CA98BF0034FC83 /* MainVC.swift */,
				2ECD16E424CABDB800B1EE94 /* PlaceModel.swift */,
				2ECD16E624CE85F500B1EE94 /* NewPlaceVC.swift */,
				2E64569124CEF3D6000868DF /* StorageManager.swift */,
				2ECD16E224CABA0000B1EE94 /* CustomTableViewCell.swift */,
				2E52545B24CA8DF50034FC83 /* SceneDelegate.swift */,
				2E52545F24CA8DF50034FC83 /* Main.storyboard */,
				2E52546224CA8DF80034FC83 /* Assets.xcassets */,
				2E52546424CA8DF80034FC83 /* LaunchScreen.storyboard */,
				2E52546724CA8DF80034FC83 /* Info.plist */,
			);
			path = MyPlaces;
			sourceTree = "<group>";
		};
/* End PBXGroup section */

/* Begin PBXNativeTarget section */
		2E52545524CA8DF50034FC83 /* MyPlaces */ = {
			isa = PBXNativeTarget;
			buildConfigurationList = 2E52546A24CA8DF80034FC83 /* Build configuration list for PBXNativeTarget "MyPlaces" */;
			buildPhases = (
				BBFCC76AA24DFB5AD52DBDB4 /* [CP] Check Pods Manifest.lock */,
				2E52545224CA8DF50034FC83 /* Sources */,
				2E52545324CA8DF50034FC83 /* Frameworks */,
				2E52545424CA8DF50034FC83 /* Resources */,
				2EB8947160B11BFCBBE97F43 /* [CP] Embed Pods Frameworks */,
			);
			buildRules = (
			);
			dependencies = (
			);
			name = MyPlaces;
			productName = MyPlaces;
			productReference = 2E52545624CA8DF50034FC83 /* MyPlaces.app */;
			productType = "com.apple.product-type.application";
		};
/* End PBXNativeTarget section */

/* Begin PBXProject section */
		2E52544E24CA8DF50034FC83 /* Project object */ = {
			isa = PBXProject;
			attributes = {
				LastSwiftUpdateCheck = 1150;
				LastUpgradeCheck = 1150;
				ORGANIZATIONNAME = "Roman Titkov";
				TargetAttributes = {
					2E52545524CA8DF50034FC83 = {
						CreatedOnToolsVersion = 11.5;
					};
				};
			};
			buildConfigurationList = 2E52545124CA8DF50034FC83 /* Build configuration list for PBXProject "MyPlaces" */;
			compatibilityVersion = "Xcode 9.3";
			developmentRegion = en;
			hasScannedForEncodings = 0;
			knownRegions = (
				en,
				Base,
			);
			mainGroup = 2E52544D24CA8DF50034FC83;
			productRefGroup = 2E52545724CA8DF50034FC83 /* Products */;
			projectDirPath = "";
			projectRoot = "";
			targets = (
				2E52545524CA8DF50034FC83 /* MyPlaces */,
			);
		};
/* End PBXProject section */

/* Begin PBXResourcesBuildPhase section */
		2E52545424CA8DF50034FC83 /* Resources */ = {
			isa = PBXResourcesBuildPhase;
			buildActionMask = 2147483647;
			files = (
				2E52546624CA8DF80034FC83 /* LaunchScreen.storyboard in Resources */,
				2E52546324CA8DF80034FC83 /* Assets.xcassets in Resources */,
				2E52546124CA8DF50034FC83 /* Main.storyboard in Resources */,
			);
			runOnlyForDeploymentPostprocessing = 0;
		};
/* End PBXResourcesBuildPhase section */

/* Begin PBXShellScriptBuildPhase section */
		2EB8947160B11BFCBBE97F43 /* [CP] Embed Pods Frameworks */ = {
			isa = PBXShellScriptBuildPhase;
			buildActionMask = 2147483647;
			files = (
			);
			inputFileListPaths = (
				"${PODS_ROOT}/Target Support Files/Pods-MyPlaces/Pods-MyPlaces-frameworks-${CONFIGURATION}-input-files.xcfilelist",
			);
			name = "[CP] Embed Pods Frameworks";
			outputFileListPaths = (
				"${PODS_ROOT}/Target Support Files/Pods-MyPlaces/Pods-MyPlaces-frameworks-${CONFIGURATION}-output-files.xcfilelist",
			);
			runOnlyForDeploymentPostprocessing = 0;
			shellPath = /bin/sh;
			shellScript = "\"${PODS_ROOT}/Target Support Files/Pods-MyPlaces/Pods-MyPlaces-frameworks.sh\"\n";
			showEnvVarsInLog = 0;
		};
		BBFCC76AA24DFB5AD52DBDB4 /* [CP] Check Pods Manifest.lock */ = {
			isa = PBXShellScriptBuildPhase;
			buildActionMask = 2147483647;
			files = (
			);
			inputFileListPaths = (
			);
			inputPaths = (
				"${PODS_PODFILE_DIR_PATH}/Podfile.lock",
				"${PODS_ROOT}/Manifest.lock",
			);
			name = "[CP] Check Pods Manifest.lock";
			outputFileListPaths = (
			);
			outputPaths = (
				"$(DERIVED_FILE_DIR)/Pods-MyPlaces-checkManifestLockResult.txt",
			);
			runOnlyForDeploymentPostprocessing = 0;
			shellPath = /bin/sh;
			shellScript = "diff \"${PODS_PODFILE_DIR_PATH}/Podfile.lock\" \"${PODS_ROOT}/Manifest.lock\" > /dev/null\nif [ $? != 0 ] ; then\n    # print error to STDERR\n    echo \"error: The sandbox is not in sync with the Podfile.lock. Run 'pod install' or update your CocoaPods installation.\" >&2\n    exit 1\nfi\n# This output is used by Xcode 'outputs' to avoid re-running this script phase.\necho \"SUCCESS\" > \"${SCRIPT_OUTPUT_FILE_0}\"\n";
			showEnvVarsInLog = 0;
		};
/* End PBXShellScriptBuildPhase section */

/* Begin PBXSourcesBuildPhase section */
		2E52545224CA8DF50034FC83 /* Sources */ = {
			isa = PBXSourcesBuildPhase;
			buildActionMask = 2147483647;
			files = (
				2E52545A24CA8DF50034FC83 /* AppDelegate.swift in Sources */,
				2E52546E24CA98BF0034FC83 /* MainVC.swift in Sources */,
				2ECD16E524CABDB900B1EE94 /* PlaceModel.swift in Sources */,
				2E64569224CEF3D6000868DF /* StorageManager.swift in Sources */,
				2ECD16E724CE85F500B1EE94 /* NewPlaceVC.swift in Sources */,
				2ECD16E324CABA0000B1EE94 /* CustomTableViewCell.swift in Sources */,
				2E52545C24CA8DF50034FC83 /* SceneDelegate.swift in Sources */,
			);
			runOnlyForDeploymentPostprocessing = 0;
		};
/* End PBXSourcesBuildPhase section */

/* Begin PBXVariantGroup section */
		2E52545F24CA8DF50034FC83 /* Main.storyboard */ = {
			isa = PBXVariantGroup;
			children = (
				2E52546024CA8DF50034FC83 /* Base */,
			);
			name = Main.storyboard;
			sourceTree = "<group>";
		};
		2E52546424CA8DF80034FC83 /* LaunchScreen.storyboard */ = {
			isa = PBXVariantGroup;
			children = (
				2E52546524CA8DF80034FC83 /* Base */,
			);
			name = LaunchScreen.storyboard;
			sourceTree = "<group>";
		};
/* End PBXVariantGroup section */

/* Begin XCBuildConfiguration section */
		2E52546824CA8DF80034FC83 /* Debug */ = {
			isa = XCBuildConfiguration;
			buildSettings = {
				ALWAYS_SEARCH_USER_PATHS = NO;
				CLANG_ANALYZER_NONNULL = YES;
				CLANG_ANALYZER_NUMBER_OBJECT_CONVERSION = YES_AGGRESSIVE;
				CLANG_CXX_LANGUAGE_STANDARD = "gnu++14";
				CLANG_CXX_LIBRARY = "libc++";
				CLANG_ENABLE_MODULES = YES;
				CLANG_ENABLE_OBJC_ARC = YES;
				CLANG_ENABLE_OBJC_WEAK = YES;
				CLANG_WARN_BLOCK_CAPTURE_AUTORELEASING = YES;
				CLANG_WARN_BOOL_CONVERSION = YES;
				CLANG_WARN_COMMA = YES;
				CLANG_WARN_CONSTANT_CONVERSION = YES;
				CLANG_WARN_DEPRECATED_OBJC_IMPLEMENTATIONS = YES;
				CLANG_WARN_DIRECT_OBJC_ISA_USAGE = YES_ERROR;
				CLANG_WARN_DOCUMENTATION_COMMENTS = YES;
				CLANG_WARN_EMPTY_BODY = YES;
				CLANG_WARN_ENUM_CONVERSION = YES;
				CLANG_WARN_INFINITE_RECURSION = YES;
				CLANG_WARN_INT_CONVERSION = YES;
				CLANG_WARN_NON_LITERAL_NULL_CONVERSION = YES;
				CLANG_WARN_OBJC_IMPLICIT_RETAIN_SELF = YES;
				CLANG_WARN_OBJC_LITERAL_CONVERSION = YES;
				CLANG_WARN_OBJC_ROOT_CLASS = YES_ERROR;
				CLANG_WARN_RANGE_LOOP_ANALYSIS = YES;
				CLANG_WARN_STRICT_PROTOTYPES = YES;
				CLANG_WARN_SUSPICIOUS_MOVE = YES;
				CLANG_WARN_UNGUARDED_AVAILABILITY = YES_AGGRESSIVE;
				CLANG_WARN_UNREACHABLE_CODE = YES;
				CLANG_WARN__DUPLICATE_METHOD_MATCH = YES;
				COPY_PHASE_STRIP = NO;
				DEBUG_INFORMATION_FORMAT = dwarf;
				ENABLE_STRICT_OBJC_MSGSEND = YES;
				ENABLE_TESTABILITY = YES;
				GCC_C_LANGUAGE_STANDARD = gnu11;
				GCC_DYNAMIC_NO_PIC = NO;
				GCC_NO_COMMON_BLOCKS = YES;
				GCC_OPTIMIZATION_LEVEL = 0;
				GCC_PREPROCESSOR_DEFINITIONS = (
					"DEBUG=1",
					"$(inherited)",
				);
				GCC_WARN_64_TO_32_BIT_CONVERSION = YES;
				GCC_WARN_ABOUT_RETURN_TYPE = YES_ERROR;
				GCC_WARN_UNDECLARED_SELECTOR = YES;
				GCC_WARN_UNINITIALIZED_AUTOS = YES_AGGRESSIVE;
				GCC_WARN_UNUSED_FUNCTION = YES;
				GCC_WARN_UNUSED_VARIABLE = YES;
				IPHONEOS_DEPLOYMENT_TARGET = 13.5;
				MTL_ENABLE_DEBUG_INFO = INCLUDE_SOURCE;
				MTL_FAST_MATH = YES;
				ONLY_ACTIVE_ARCH = YES;
				SDKROOT = iphoneos;
				SWIFT_ACTIVE_COMPILATION_CONDITIONS = DEBUG;
				SWIFT_OPTIMIZATION_LEVEL = "-Onone";
			};
			name = Debug;
		};
		2E52546924CA8DF80034FC83 /* Release */ = {
			isa = XCBuildConfiguration;
			buildSettings = {
				ALWAYS_SEARCH_USER_PATHS = NO;
				CLANG_ANALYZER_NONNULL = YES;
				CLANG_ANALYZER_NUMBER_OBJECT_CONVERSION = YES_AGGRESSIVE;
				CLANG_CXX_LANGUAGE_STANDARD = "gnu++14";
				CLANG_CXX_LIBRARY = "libc++";
				CLANG_ENABLE_MODULES = YES;
				CLANG_ENABLE_OBJC_ARC = YES;
				CLANG_ENABLE_OBJC_WEAK = YES;
				CLANG_WARN_BLOCK_CAPTURE_AUTORELEASING = YES;
				CLANG_WARN_BOOL_CONVERSION = YES;
				CLANG_WARN_COMMA = YES;
				CLANG_WARN_CONSTANT_CONVERSION = YES;
				CLANG_WARN_DEPRECATED_OBJC_IMPLEMENTATIONS = YES;
				CLANG_WARN_DIRECT_OBJC_ISA_USAGE = YES_ERROR;
				CLANG_WARN_DOCUMENTATION_COMMENTS = YES;
				CLANG_WARN_EMPTY_BODY = YES;
				CLANG_WARN_ENUM_CONVERSION = YES;
				CLANG_WARN_INFINITE_RECURSION = YES;
				CLANG_WARN_INT_CONVERSION = YES;
				CLANG_WARN_NON_LITERAL_NULL_CONVERSION = YES;
				CLANG_WARN_OBJC_IMPLICIT_RETAIN_SELF = YES;
				CLANG_WARN_OBJC_LITERAL_CONVERSION = YES;
				CLANG_WARN_OBJC_ROOT_CLASS = YES_ERROR;
				CLANG_WARN_RANGE_LOOP_ANALYSIS = YES;
				CLANG_WARN_STRICT_PROTOTYPES = YES;
				CLANG_WARN_SUSPICIOUS_MOVE = YES;
				CLANG_WARN_UNGUARDED_AVAILABILITY = YES_AGGRESSIVE;
				CLANG_WARN_UNREACHABLE_CODE = YES;
				CLANG_WARN__DUPLICATE_METHOD_MATCH = YES;
				COPY_PHASE_STRIP = NO;
				DEBUG_INFORMATION_FORMAT = "dwarf-with-dsym";
				ENABLE_NS_ASSERTIONS = NO;
				ENABLE_STRICT_OBJC_MSGSEND = YES;
				GCC_C_LANGUAGE_STANDARD = gnu11;
				GCC_NO_COMMON_BLOCKS = YES;
				GCC_WARN_64_TO_32_BIT_CONVERSION = YES;
				GCC_WARN_ABOUT_RETURN_TYPE = YES_ERROR;
				GCC_WARN_UNDECLARED_SELECTOR = YES;
				GCC_WARN_UNINITIALIZED_AUTOS = YES_AGGRESSIVE;
				GCC_WARN_UNUSED_FUNCTION = YES;
				GCC_WARN_UNUSED_VARIABLE = YES;
				IPHONEOS_DEPLOYMENT_TARGET = 13.5;
				MTL_ENABLE_DEBUG_INFO = NO;
				MTL_FAST_MATH = YES;
				SDKROOT = iphoneos;
				SWIFT_COMPILATION_MODE = wholemodule;
				SWIFT_OPTIMIZATION_LEVEL = "-O";
				VALIDATE_PRODUCT = YES;
			};
			name = Release;
		};
		2E52546B24CA8DF80034FC83 /* Debug */ = {
			isa = XCBuildConfiguration;
			baseConfigurationReference = 41B719819792E3932DC85C49 /* Pods-MyPlaces.debug.xcconfig */;
			buildSettings = {
				ASSETCATALOG_COMPILER_APPICON_NAME = AppIcon;
				CODE_SIGN_STYLE = Automatic;
				DEVELOPMENT_TEAM = V47DE3Q58C;
				INFOPLIST_FILE = MyPlaces/Info.plist;
				LD_RUNPATH_SEARCH_PATHS = (
					"$(inherited)",
					"@executable_path/Frameworks",
				);
				PRODUCT_BUNDLE_IDENTIFIER = Titrom.MyPlaces;
				PRODUCT_NAME = "$(TARGET_NAME)";
				SWIFT_VERSION = 5.0;
				TARGETED_DEVICE_FAMILY = "1,2";
			};
			name = Debug;
		};
		2E52546C24CA8DF80034FC83 /* Release */ = {
			isa = XCBuildConfiguration;
			baseConfigurationReference = 6C696722638A4844B823C6FD /* Pods-MyPlaces.release.xcconfig */;
			buildSettings = {
				ASSETCATALOG_COMPILER_APPICON_NAME = AppIcon;
				CODE_SIGN_STYLE = Automatic;
				DEVELOPMENT_TEAM = V47DE3Q58C;
				INFOPLIST_FILE = MyPlaces/Info.plist;
				LD_RUNPATH_SEARCH_PATHS = (
					"$(inherited)",
					"@executable_path/Frameworks",
				);
				PRODUCT_BUNDLE_IDENTIFIER = Titrom.MyPlaces;
				PRODUCT_NAME = "$(TARGET_NAME)";
				SWIFT_VERSION = 5.0;
				TARGETED_DEVICE_FAMILY = "1,2";
			};
			name = Release;
		};
/* End XCBuildConfiguration section */

/* Begin XCConfigurationList section */
		2E52545124CA8DF50034FC83 /* Build configuration list for PBXProject "MyPlaces" */ = {
			isa = XCConfigurationList;
			buildConfigurations = (
				2E52546824CA8DF80034FC83 /* Debug */,
				2E52546924CA8DF80034FC83 /* Release */,
			);
			defaultConfigurationIsVisible = 0;
			defaultConfigurationName = Release;
		};
		2E52546A24CA8DF80034FC83 /* Build configuration list for PBXNativeTarget "MyPlaces" */ = {
			isa = XCConfigurationList;
			buildConfigurations = (
				2E52546B24CA8DF80034FC83 /* Debug */,
				2E52546C24CA8DF80034FC83 /* Release */,
			);
			defaultConfigurationIsVisible = 0;
			defaultConfigurationName = Release;
		};
/* End XCConfigurationList section */
	};
	rootObject = 2E52544E24CA8DF50034FC83 /* Project object */;
}
